
Microsoft Visual Studio Solution File, Format Version 12.00
# Visual Studio 15
Project("{FAE04EC0-301F-11D3-BF4B-00C04F79EFBC}") = "NavMeshComponents", "NavMeshComponents.csproj", "{ED57BE2D-46F5-51E8-7C84-C3996DE4A777}"
EndProject
Project("{FAE04EC0-301F-11D3-BF4B-00C04F79EFBC}") = "Assembly-CSharp", "Assembly-CSharp.csproj", "{E879AB6D-B537-69AF-3982-7A9ED0235A3B}"
EndProject
Project("{FAE04EC0-301F-11D3-BF4B-00C04F79EFBC}") = "NavMeshComponentsEditor", "NavMeshComponentsEditor.csproj", "{5C16C9C2-8C02-705B-E4FC-F49FF2EF2A45}"
EndProject
Global
	GlobalSection(SolutionConfigurationPlatforms) = preSolution
		Debug|Any CPU = Debug|Any CPU
		Release|Any CPU = Release|Any CPU
	EndGlobalSection
	GlobalSection(ProjectConfigurationPlatforms) = postSolution
		{ED57BE2D-46F5-51E8-7C84-C3996DE4A777}.Debug|Any CPU.ActiveCfg = Debug|Any CPU
		{ED57BE2D-46F5-51E8-7C84-C3996DE4A777}.Debug|Any CPU.Build.0 = Debug|Any CPU
		{ED57BE2D-46F5-51E8-7C84-C3996DE4A777}.Release|Any CPU.ActiveCfg = Release|Any CPU
		{ED57BE2D-46F5-51E8-7C84-C3996DE4A777}.Release|Any CPU.Build.0 = Release|Any CPU
		{E879AB6D-B537-69AF-3982-7A9ED0235A3B}.Debug|Any CPU.ActiveCfg = Debug|Any CPU
		{E879AB6D-B537-69AF-3982-7A9ED0235A3B}.Debug|Any CPU.Build.0 = Debug|Any CPU
		{E879AB6D-B537-69AF-3982-7A9ED0235A3B}.Release|Any CPU.ActiveCfg = Release|Any CPU
		{E879AB6D-B537-69AF-3982-7A9ED0235A3B}.Release|Any CPU.Build.0 = Release|Any CPU
		{5C16C9C2-8C02-705B-E4FC-F49FF2EF2A45}.Debug|Any CPU.ActiveCfg = Debug|Any CPU
		{5C16C9C2-8C02-705B-E4FC-F49FF2EF2A45}.Debug|Any CPU.Build.0 = Debug|Any CPU
		{5C16C9C2-8C02-705B-E4FC-F49FF2EF2A45}.Release|Any CPU.ActiveCfg = Release|Any CPU
		{5C16C9C2-8C02-705B-E4FC-F49FF2EF2A45}.Release|Any CPU.Build.0 = Release|Any CPU
	EndGlobalSection
	GlobalSection(SolutionProperties) = preSolution
		HideSolutionNode = FALSE
	EndGlobalSection
EndGlobal
